
Microsoft Visual Studio Solution File, Format Version 12.00
# Visual Studio Version 17
VisualStudioVersion = 17.5.002.0
MinimumVisualStudioVersion = 10.0.40219.1
Project("{9A19103F-16F7-4668-BE54-9A1E7A4F7556}") = "VibriaApiGateway", "src\VibriaApiGateway.csproj", "{459D07A0-E9C1-4066-9CF7-58EF3FA18456}"
EndProject
Global
	GlobalSection(SolutionConfigurationPlatforms) = preSolution
		Debug|Any CPU = Debug|Any CPU
		Release|Any CPU = Release|Any CPU
	EndGlobalSection
	GlobalSection(ProjectConfigurationPlatforms) = postSolution
		{459D07A0-E9C1-4066-9CF7-58EF3FA18456}.Debug|Any CPU.ActiveCfg = Debug|Any CPU
		{459D07A0-E9C1-4066-9CF7-58EF3FA18456}.Debug|Any CPU.Build.0 = Debug|Any CPU
		{459D07A0-E9C1-4066-9CF7-58EF3FA18456}.Release|Any CPU.ActiveCfg = Release|Any CPU
		{459D07A0-E9C1-4066-9CF7-58EF3FA18456}.Release|Any CPU.Build.0 = Release|Any CPU
	EndGlobalSection
	GlobalSection(SolutionProperties) = preSolution
		HideSolutionNode = FALSE
	EndGlobalSection
	GlobalSection(ExtensibilityGlobals) = postSolution
		SolutionGuid = {9C0F9A77-4F79-42CB-B53D-B4AF8426FCB4}
	EndGlobalSection
EndGlobal
